
Microsoft Visual Studio Solution File, Format Version 12.00
# Visual Studio Version 16
VisualStudioVersion = 16.0.30717.126
MinimumVisualStudioVersion = 10.0.40219.1
Project("{FAE04EC0-301F-11D3-BF4B-00C04F79EFBC}") = "ExpressExportsDemo", "ExpressExportsDemo.csproj", "{08EF3BA0-8A70-4693-91C6-1420A588840E}"
EndProject
Project("{FAE04EC0-301F-11D3-BF4B-00C04F79EFBC}") = "ExpressExports", "..\ExpressExports\ExpressExports.csproj", "{93FBB84C-7BC7-4B7B-AE61-3861EE4EC652}"
EndProject
Global
	GlobalSection(SolutionConfigurationPlatforms) = preSolution
		Debug|Any CPU = Debug|Any CPU
		Release|Any CPU = Release|Any CPU
	EndGlobalSection
	GlobalSection(ProjectConfigurationPlatforms) = postSolution
		{08EF3BA0-8A70-4693-91C6-1420A588840E}.Debug|Any CPU.ActiveCfg = Debug|Any CPU
		{08EF3BA0-8A70-4693-91C6-1420A588840E}.Debug|Any CPU.Build.0 = Debug|Any CPU
		{08EF3BA0-8A70-4693-91C6-1420A588840E}.Release|Any CPU.ActiveCfg = Release|Any CPU
		{08EF3BA0-8A70-4693-91C6-1420A588840E}.Release|Any CPU.Build.0 = Release|Any CPU
		{93FBB84C-7BC7-4B7B-AE61-3861EE4EC652}.Debug|Any CPU.ActiveCfg = Debug|Any CPU
		{93FBB84C-7BC7-4B7B-AE61-3861EE4EC652}.Debug|Any CPU.Build.0 = Debug|Any CPU
		{93FBB84C-7BC7-4B7B-AE61-3861EE4EC652}.Release|Any CPU.ActiveCfg = Release|Any CPU
		{93FBB84C-7BC7-4B7B-AE61-3861EE4EC652}.Release|Any CPU.Build.0 = Release|Any CPU
	EndGlobalSection
	GlobalSection(SolutionProperties) = preSolution
		HideSolutionNode = FALSE
	EndGlobalSection
	GlobalSection(ExtensibilityGlobals) = postSolution
		SolutionGuid = {09E5B561-9ACB-4976-9ABB-8C18BD2F4EC6}
	EndGlobalSection
EndGlobal
